
Microsoft Visual Studio Solution File, Format Version 12.00
# Visual Studio Version 16
VisualStudioVersion = 16.0.30523.141
MinimumVisualStudioVersion = 10.0.40219.1
Project("{FAE04EC0-301F-11D3-BF4B-00C04F79EFBC}") = "MST_EX1", "MST_EX1\MST_EX1.csproj", "{FBF37D32-26D3-415B-8C6C-F949095F7BBF}"
EndProject
Global
	GlobalSection(SolutionConfigurationPlatforms) = preSolution
		Debug|Any CPU = Debug|Any CPU
		Release|Any CPU = Release|Any CPU
	EndGlobalSection
	GlobalSection(ProjectConfigurationPlatforms) = postSolution
		{FBF37D32-26D3-415B-8C6C-F949095F7BBF}.Debug|Any CPU.ActiveCfg = Debug|Any CPU
		{FBF37D32-26D3-415B-8C6C-F949095F7BBF}.Debug|Any CPU.Build.0 = Debug|Any CPU
		{FBF37D32-26D3-415B-8C6C-F949095F7BBF}.Release|Any CPU.ActiveCfg = Release|Any CPU
		{FBF37D32-26D3-415B-8C6C-F949095F7BBF}.Release|Any CPU.Build.0 = Release|Any CPU
	EndGlobalSection
	GlobalSection(SolutionProperties) = preSolution
		HideSolutionNode = FALSE
	EndGlobalSection
	GlobalSection(ExtensibilityGlobals) = postSolution
		SolutionGuid = {CEB0DF39-814A-43F6-9DC9-889CBEB5D0EE}
	EndGlobalSection
EndGlobal
